
Microsoft Visual Studio Solution File, Format Version 12.00
# Visual Studio 15
Project("{FAE04EC0-301F-11D3-BF4B-00C04F79EFBC}") = "Assembly-CSharp", "Assembly-CSharp.csproj", "{5AF837EF-9A77-0768-CFAD-7CCC7F731AB9}"
EndProject
Project("{FAE04EC0-301F-11D3-BF4B-00C04F79EFBC}") = "Assembly-CSharp-Editor", "Assembly-CSharp-Editor.csproj", "{72B4C308-B6A9-4E03-F5F8-8D38B2F99259}"
EndProject
Global
	GlobalSection(SolutionConfigurationPlatforms) = preSolution
		Debug|Any CPU = Debug|Any CPU
		Release|Any CPU = Release|Any CPU
	EndGlobalSection
	GlobalSection(ProjectConfigurationPlatforms) = postSolution
		{5AF837EF-9A77-0768-CFAD-7CCC7F731AB9}.Debug|Any CPU.ActiveCfg = Debug|Any CPU
		{5AF837EF-9A77-0768-CFAD-7CCC7F731AB9}.Debug|Any CPU.Build.0 = Debug|Any CPU
		{5AF837EF-9A77-0768-CFAD-7CCC7F731AB9}.Release|Any CPU.ActiveCfg = Release|Any CPU
		{5AF837EF-9A77-0768-CFAD-7CCC7F731AB9}.Release|Any CPU.Build.0 = Release|Any CPU
		{72B4C308-B6A9-4E03-F5F8-8D38B2F99259}.Debug|Any CPU.ActiveCfg = Debug|Any CPU
		{72B4C308-B6A9-4E03-F5F8-8D38B2F99259}.Debug|Any CPU.Build.0 = Debug|Any CPU
		{72B4C308-B6A9-4E03-F5F8-8D38B2F99259}.Release|Any CPU.ActiveCfg = Release|Any CPU
		{72B4C308-B6A9-4E03-F5F8-8D38B2F99259}.Release|Any CPU.Build.0 = Release|Any CPU
	EndGlobalSection
	GlobalSection(SolutionProperties) = preSolution
		HideSolutionNode = FALSE
	EndGlobalSection
EndGlobal
